
Microsoft Visual Studio Solution File, Format Version 12.00
# Visual Studio 15
VisualStudioVersion = 15.0.27004.2005
MinimumVisualStudioVersion = 10.0.40219.1
Project("{FAE04EC0-301F-11D3-BF4B-00C04F79EFBC}") = "WebProgramlamaOdev", "WebProgramlamaOdev\WebProgramlamaOdev.csproj", "{A95F327F-0A27-4153-9DE6-665E0C290D89}"
EndProject
Global
	GlobalSection(SolutionConfigurationPlatforms) = preSolution
		Debug|Any CPU = Debug|Any CPU
		Release|Any CPU = Release|Any CPU
	EndGlobalSection
	GlobalSection(ProjectConfigurationPlatforms) = postSolution
		{A95F327F-0A27-4153-9DE6-665E0C290D89}.Debug|Any CPU.ActiveCfg = Debug|Any CPU
		{A95F327F-0A27-4153-9DE6-665E0C290D89}.Debug|Any CPU.Build.0 = Debug|Any CPU
		{A95F327F-0A27-4153-9DE6-665E0C290D89}.Release|Any CPU.ActiveCfg = Release|Any CPU
		{A95F327F-0A27-4153-9DE6-665E0C290D89}.Release|Any CPU.Build.0 = Release|Any CPU
	EndGlobalSection
	GlobalSection(SolutionProperties) = preSolution
		HideSolutionNode = FALSE
	EndGlobalSection
	GlobalSection(ExtensibilityGlobals) = postSolution
		SolutionGuid = {69EB95D0-E165-4492-8077-2A289335111C}
	EndGlobalSection
EndGlobal
